// !$*UTF8*$!
{
	archiveVersion = 1;
	classes = {
	};
	objectVersion = 50;
	objects = {

/* Begin PBXBuildFile section */
		39FDA8802341CF8500FB46D8 /* AppDelegate.swift in Sources */ = {isa = PBXBuildFile; fileRef = 39FDA87F2341CF8500FB46D8 /* AppDelegate.swift */; };
		39FDA8822341CF8500FB46D8 /* SceneDelegate.swift in Sources */ = {isa = PBXBuildFile; fileRef = 39FDA8812341CF8500FB46D8 /* SceneDelegate.swift */; };
		39FDA8842341CF8500FB46D8 /* ViewController.swift in Sources */ = {isa = PBXBuildFile; fileRef = 39FDA8832341CF8500FB46D8 /* ViewController.swift */; };
		39FDA8872341CF8500FB46D8 /* Main.storyboard in Resources */ = {isa = PBXBuildFile; fileRef = 39FDA8852341CF8500FB46D8 /* Main.storyboard */; };
		39FDA8892341CF8600FB46D8 /* Assets.xcassets in Resources */ = {isa = PBXBuildFile; fileRef = 39FDA8882341CF8600FB46D8 /* Assets.xcassets */; };
		39FDA88C2341CF8600FB46D8 /* LaunchScreen.storyboard in Resources */ = {isa = PBXBuildFile; fileRef = 39FDA88A2341CF8600FB46D8 /* LaunchScreen.storyboard */; };
/* End PBXBuildFile section */

/* Begin PBXFileReference section */
		39FDA87C2341CF8500FB46D8 /* 1st_assginment.app */ = {isa = PBXFileReference; explicitFileType = wrapper.application; includeInIndex = 0; path = 1st_assginment.app; sourceTree = BUILT_PRODUCTS_DIR; };
		39FDA87F2341CF8500FB46D8 /* AppDelegate.swift */ = {isa = PBXFileReference; lastKnownFileType = sourcecode.swift; path = AppDelegate.swift; sourceTree = "<group>"; };
		39FDA8812341CF8500FB46D8 /* SceneDelegate.swift */ = {isa = PBXFileReference; lastKnownFileType = sourcecode.swift; path = SceneDelegate.swift; sourceTree = "<group>"; };
		39FDA8832341CF8500FB46D8 /* ViewController.swift */ = {isa = PBXFileReference; lastKnownFileType = sourcecode.swift; path = ViewController.swift; sourceTree = "<group>"; };
		39FDA8862341CF8500FB46D8 /* Base */ = {isa = PBXFileReference; lastKnownFileType = file.storyboard; name = Base; path = Base.lproj/Main.storyboard; sourceTree = "<group>"; };
		39FDA8882341CF8600FB46D8 /* Assets.xcassets */ = {isa = PBXFileReference; lastKnownFileType = folder.assetcatalog; path = Assets.xcassets; sourceTree = "<group>"; };
		39FDA88B2341CF8600FB46D8 /* Base */ = {isa = PBXFileReference; lastKnownFileType = file.storyboard; name = Base; path = Base.lproj/LaunchScreen.storyboard; sourceTree = "<group>"; };
		39FDA88D2341CF8600FB46D8 /* Info.plist */ = {isa = PBXFileReference; lastKnownFileType = text.plist.xml; path = Info.plist; sourceTree = "<group>"; };
/* End PBXFileReference section */

/* Begin PBXFrameworksBuildPhase section */
		39FDA8792341CF8500FB46D8 /* Frameworks */ = {
			isa = PBXFrameworksBuildPhase;
			buildActionMask = 2147483647;
			files = (
			);
			runOnlyForDeploymentPostprocessing = 0;
		};
/* End PBXFrameworksBuildPhase section */

/* Begin PBXGroup section */
		39FDA8732341CF8500FB46D8 = {
			isa = PBXGroup;
			children = (
				39FDA87E2341CF8500FB46D8 /* 1st_assginment */,
				39FDA87D2341CF8500FB46D8 /* Products */,
			);
			sourceTree = "<group>";
		};
		39FDA87D2341CF8500FB46D8 /* Products */ = {
			isa = PBXGroup;
			children = (
				39FDA87C2341CF8500FB46D8 /* 1st_assginment.app */,
			);
			name = Products;
			sourceTree = "<group>";
		};
		39FDA87E2341CF8500FB46D8 /* 1st_assginment */ = {
			isa = PBXGroup;
			children = (
				39FDA87F2341CF8500FB46D8 /* AppDelegate.swift */,
				39FDA8812341CF8500FB46D8 /* SceneDelegate.swift */,
				39FDA8832341CF8500FB46D8 /* ViewController.swift */,
				39FDA8852341CF8500FB46D8 /* Main.storyboard */,
				39FDA8882341CF8600FB46D8 /* Assets.xcassets */,
				39FDA88A2341CF8600FB46D8 /* LaunchScreen.storyboard */,
				39FDA88D2341CF8600FB46D8 /* Info.plist */,
			);
			path = 1st_assginment;
			sourceTree = "<group>";
		};
/* End PBXGroup section */

/* Begin PBXNativeTarget section */
		39FDA87B2341CF8500FB46D8 /* 1st_assginment */ = {
			isa = PBXNativeTarget;
			buildConfigurationList = 39FDA8902341CF8600FB46D8 /* Build configuration list for PBXNativeTarget "1st_assginment" */;
			buildPhases = (
				39FDA8782341CF8500FB46D8 /* Sources */,
				39FDA8792341CF8500FB46D8 /* Frameworks */,
				39FDA87A2341CF8500FB46D8 /* Resources */,
			);
			buildRules = (
			);
			dependencies = (
			);
			name = 1st_assginment;
			productName = 1st_assginment;
			productReference = 39FDA87C2341CF8500FB46D8 /* 1st_assginment.app */;
			productType = "com.apple.product-type.application";
		};
/* End PBXNativeTarget section */

/* Begin PBXProject section */
		39FDA8742341CF8500FB46D8 /* Project object */ = {
			isa = PBXProject;
			attributes = {
				LastSwiftUpdateCheck = 1110;
				LastUpgradeCheck = 1110;
				ORGANIZATIONNAME = "조경진";
				TargetAttributes = {
					39FDA87B2341CF8500FB46D8 = {
						CreatedOnToolsVersion = 11.1;
					};
				};
			};
			buildConfigurationList = 39FDA8772341CF8500FB46D8 /* Build configuration list for PBXProject "1st_assginment" */;
			compatibilityVersion = "Xcode 9.3";
			developmentRegion = en;
			hasScannedForEncodings = 0;
			knownRegions = (
				en,
				Base,
			);
			mainGroup = 39FDA8732341CF8500FB46D8;
			productRefGroup = 39FDA87D2341CF8500FB46D8 /* Products */;
			projectDirPath = "";
			projectRoot = "";
			targets = (
				39FDA87B2341CF8500FB46D8 /* 1st_assginment */,
			);
		};
/* End PBXProject section */

/* Begin PBXResourcesBuildPhase section */
		39FDA87A2341CF8500FB46D8 /* Resources */ = {
			isa = PBXResourcesBuildPhase;
			buildActionMask = 2147483647;
			files = (
				39FDA88C2341CF8600FB46D8 /* LaunchScreen.storyboard in Resources */,
				39FDA8892341CF8600FB46D8 /* Assets.xcassets in Resources */,
				39FDA8872341CF8500FB46D8 /* Main.storyboard in Resources */,
			);
			runOnlyForDeploymentPostprocessing = 0;
		};
/* End PBXResourcesBuildPhase section */

/* Begin PBXSourcesBuildPhase section */
		39FDA8782341CF8500FB46D8 /* Sources */ = {
			isa = PBXSourcesBuildPhase;
			buildActionMask = 2147483647;
			files = (
				39FDA8842341CF8500FB46D8 /* ViewController.swift in Sources */,
				39FDA8802341CF8500FB46D8 /* AppDelegate.swift in Sources */,
				39FDA8822341CF8500FB46D8 /* SceneDelegate.swift in Sources */,
			);
			runOnlyForDeploymentPostprocessing = 0;
		};
/* End PBXSourcesBuildPhase section */

/* Begin PBXVariantGroup section */
		39FDA8852341CF8500FB46D8 /* Main.storyboard */ = {
			isa = PBXVariantGroup;
			children = (
				39FDA8862341CF8500FB46D8 /* Base */,
			);
			name = Main.storyboard;
			sourceTree = "<group>";
		};
		39FDA88A2341CF8600FB46D8 /* LaunchScreen.storyboard */ = {
			isa = PBXVariantGroup;
			children = (
				39FDA88B2341CF8600FB46D8 /* Base */,
			);
			name = LaunchScreen.storyboard;
			sourceTree = "<group>";
		};
/* End PBXVariantGroup section */

/* Begin XCBuildConfiguration section */
		39FDA88E2341CF8600FB46D8 /* Debug */ = {
			isa = XCBuildConfiguration;
			buildSettings = {
				ALWAYS_SEARCH_USER_PATHS = NO;
				CLANG_ANALYZER_NONNULL = YES;
				CLANG_ANALYZER_NUMBER_OBJECT_CONVERSION = YES_AGGRESSIVE;
				CLANG_CXX_LANGUAGE_STANDARD = "gnu++14";
				CLANG_CXX_LIBRARY = "libc++";
				CLANG_ENABLE_MODULES = YES;
				CLANG_ENABLE_OBJC_ARC = YES;
				CLANG_ENABLE_OBJC_WEAK = YES;
				CLANG_WARN_BLOCK_CAPTURE_AUTORELEASING = YES;
				CLANG_WARN_BOOL_CONVERSION = YES;
				CLANG_WARN_COMMA = YES;
				CLANG_WARN_CONSTANT_CONVERSION = YES;
				CLANG_WARN_DEPRECATED_OBJC_IMPLEMENTATIONS = YES;
				CLANG_WARN_DIRECT_OBJC_ISA_USAGE = YES_ERROR;
				CLANG_WARN_DOCUMENTATION_COMMENTS = YES;
				CLANG_WARN_EMPTY_BODY = YES;
				CLANG_WARN_ENUM_CONVERSION = YES;
				CLANG_WARN_INFINITE_RECURSION = YES;
				CLANG_WARN_INT_CONVERSION = YES;
				CLANG_WARN_NON_LITERAL_NULL_CONVERSION = YES;
				CLANG_WARN_OBJC_IMPLICIT_RETAIN_SELF = YES;
				CLANG_WARN_OBJC_LITERAL_CONVERSION = YES;
				CLANG_WARN_OBJC_ROOT_CLASS = YES_ERROR;
				CLANG_WARN_RANGE_LOOP_ANALYSIS = YES;
				CLANG_WARN_STRICT_PROTOTYPES = YES;
				CLANG_WARN_SUSPICIOUS_MOVE = YES;
				CLANG_WARN_UNGUARDED_AVAILABILITY = YES_AGGRESSIVE;
				CLANG_WARN_UNREACHABLE_CODE = YES;
				CLANG_WARN__DUPLICATE_METHOD_MATCH = YES;
				COPY_PHASE_STRIP = NO;
				DEBUG_INFORMATION_FORMAT = dwarf;
				ENABLE_STRICT_OBJC_MSGSEND = YES;
				ENABLE_TESTABILITY = YES;
				GCC_C_LANGUAGE_STANDARD = gnu11;
				GCC_DYNAMIC_NO_PIC = NO;
				GCC_NO_COMMON_BLOCKS = YES;
				GCC_OPTIMIZATION_LEVEL = 0;
				GCC_PREPROCESSOR_DEFINITIONS = (
					"DEBUG=1",
					"$(inherited)",
				);
				GCC_WARN_64_TO_32_BIT_CONVERSION = YES;
				GCC_WARN_ABOUT_RETURN_TYPE = YES_ERROR;
				GCC_WARN_UNDECLARED_SELECTOR = YES;
				GCC_WARN_UNINITIALIZED_AUTOS = YES_AGGRESSIVE;
				GCC_WARN_UNUSED_FUNCTION = YES;
				GCC_WARN_UNUSED_VARIABLE = YES;
				IPHONEOS_DEPLOYMENT_TARGET = 13.1;
				MTL_ENABLE_DEBUG_INFO = INCLUDE_SOURCE;
				MTL_FAST_MATH = YES;
				ONLY_ACTIVE_ARCH = YES;
				SDKROOT = iphoneos;
				SWIFT_ACTIVE_COMPILATION_CONDITIONS = DEBUG;
				SWIFT_OPTIMIZATION_LEVEL = "-Onone";
			};
			name = Debug;
		};
		39FDA88F2341CF8600FB46D8 /* Release */ = {
			isa = XCBuildConfiguration;
			buildSettings = {
				ALWAYS_SEARCH_USER_PATHS = NO;
				CLANG_ANALYZER_NONNULL = YES;
				CLANG_ANALYZER_NUMBER_OBJECT_CONVERSION = YES_AGGRESSIVE;
				CLANG_CXX_LANGUAGE_STANDARD = "gnu++14";
				CLANG_CXX_LIBRARY = "libc++";
				CLANG_ENABLE_MODULES = YES;
				CLANG_ENABLE_OBJC_ARC = YES;
				CLANG_ENABLE_OBJC_WEAK = YES;
				CLANG_WARN_BLOCK_CAPTURE_AUTORELEASING = YES;
				CLANG_WARN_BOOL_CONVERSION = YES;
				CLANG_WARN_COMMA = YES;
				CLANG_WARN_CONSTANT_CONVERSION = YES;
				CLANG_WARN_DEPRECATED_OBJC_IMPLEMENTATIONS = YES;
				CLANG_WARN_DIRECT_OBJC_ISA_USAGE = YES_ERROR;
				CLANG_WARN_DOCUMENTATION_COMMENTS = YES;
				CLANG_WARN_EMPTY_BODY = YES;
				CLANG_WARN_ENUM_CONVERSION = YES;
				CLANG_WARN_INFINITE_RECURSION = YES;
				CLANG_WARN_INT_CONVERSION = YES;
				CLANG_WARN_NON_LITERAL_NULL_CONVERSION = YES;
				CLANG_WARN_OBJC_IMPLICIT_RETAIN_SELF = YES;
				CLANG_WARN_OBJC_LITERAL_CONVERSION = YES;
				CLANG_WARN_OBJC_ROOT_CLASS = YES_ERROR;
				CLANG_WARN_RANGE_LOOP_ANALYSIS = YES;
				CLANG_WARN_STRICT_PROTOTYPES = YES;
				CLANG_WARN_SUSPICIOUS_MOVE = YES;
				CLANG_WARN_UNGUARDED_AVAILABILITY = YES_AGGRESSIVE;
				CLANG_WARN_UNREACHABLE_CODE = YES;
				CLANG_WARN__DUPLICATE_METHOD_MATCH = YES;
				COPY_PHASE_STRIP = NO;
				DEBUG_INFORMATION_FORMAT = "dwarf-with-dsym";
				ENABLE_NS_ASSERTIONS = NO;
				ENABLE_STRICT_OBJC_MSGSEND = YES;
				GCC_C_LANGUAGE_STANDARD = gnu11;
				GCC_NO_COMMON_BLOCKS = YES;
				GCC_WARN_64_TO_32_BIT_CONVERSION = YES;
				GCC_WARN_ABOUT_RETURN_TYPE = YES_ERROR;
				GCC_WARN_UNDECLARED_SELECTOR = YES;
				GCC_WARN_UNINITIALIZED_AUTOS = YES_AGGRESSIVE;
				GCC_WARN_UNUSED_FUNCTION = YES;
				GCC_WARN_UNUSED_VARIABLE = YES;
				IPHONEOS_DEPLOYMENT_TARGET = 13.1;
				MTL_ENABLE_DEBUG_INFO = NO;
				MTL_FAST_MATH = YES;
				SDKROOT = iphoneos;
				SWIFT_COMPILATION_MODE = wholemodule;
				SWIFT_OPTIMIZATION_LEVEL = "-O";
				VALIDATE_PRODUCT = YES;
			};
			name = Release;
		};
		39FDA8912341CF8600FB46D8 /* Debug */ = {
			isa = XCBuildConfiguration;
			buildSettings = {
				ASSETCATALOG_COMPILER_APPICON_NAME = AppIcon;
				CODE_SIGN_STYLE = Automatic;
				DEVELOPMENT_TEAM = 5D24S78QBG;
				INFOPLIST_FILE = 1st_assginment/Info.plist;
				LD_RUNPATH_SEARCH_PATHS = (
					"$(inherited)",
					"@executable_path/Frameworks",
				);
				PRODUCT_BUNDLE_IDENTIFIER = "com.Cho.-st-assginment";
				PRODUCT_NAME = "$(TARGET_NAME)";
				SWIFT_VERSION = 5.0;
				TARGETED_DEVICE_FAMILY = "1,2";
			};
			name = Debug;
		};
		39FDA8922341CF8600FB46D8 /* Release */ = {
			isa = XCBuildConfiguration;
			buildSettings = {
				ASSETCATALOG_COMPILER_APPICON_NAME = AppIcon;
				CODE_SIGN_STYLE = Automatic;
				DEVELOPMENT_TEAM = 5D24S78QBG;
				INFOPLIST_FILE = 1st_assginment/Info.plist;
				LD_RUNPATH_SEARCH_PATHS = (
					"$(inherited)",
					"@executable_path/Frameworks",
				);
				PRODUCT_BUNDLE_IDENTIFIER = "com.Cho.-st-assginment";
				PRODUCT_NAME = "$(TARGET_NAME)";
				SWIFT_VERSION = 5.0;
				TARGETED_DEVICE_FAMILY = "1,2";
			};
			name = Release;
		};
/* End XCBuildConfiguration section */

/* Begin XCConfigurationList section */
		39FDA8772341CF8500FB46D8 /* Build configuration list for PBXProject "1st_assginment" */ = {
			isa = XCConfigurationList;
			buildConfigurations = (
				39FDA88E2341CF8600FB46D8 /* Debug */,
				39FDA88F2341CF8600FB46D8 /* Release */,
			);
			defaultConfigurationIsVisible = 0;
			defaultConfigurationName = Release;
		};
		39FDA8902341CF8600FB46D8 /* Build configuration list for PBXNativeTarget "1st_assginment" */ = {
			isa = XCConfigurationList;
			buildConfigurations = (
				39FDA8912341CF8600FB46D8 /* Debug */,
				39FDA8922341CF8600FB46D8 /* Release */,
			);
			defaultConfigurationIsVisible = 0;
			defaultConfigurationName = Release;
		};
/* End XCConfigurationList section */
	};
	rootObject = 39FDA8742341CF8500FB46D8 /* Project object */;
}
